// !$*UTF8*$!
{
	archiveVersion = 1;
	classes = {
	};
	objectVersion = 55;
	objects = {

/* Begin PBXBuildFile section */
		EB1BECDA28169BF400087B40 /* CacheFeedUseCaseTests.swift in Sources */ = {isa = PBXBuildFile; fileRef = EB1BECD928169BF400087B40 /* CacheFeedUseCaseTests.swift */; };
		EB31072C281070310008A9B2 /* XCTestCase+MemoryLeakTracking.swift in Sources */ = {isa = PBXBuildFile; fileRef = EB5DF407280E98E70018C2F0 /* XCTestCase+MemoryLeakTracking.swift */; };
		EB31073028107B040008A9B2 /* EssentialFeedAPIEndToEndTests.swift in Sources */ = {isa = PBXBuildFile; fileRef = EB5DF411280FC4BD0018C2F0 /* EssentialFeedAPIEndToEndTests.swift */; };
		EB5DF408280E98E70018C2F0 /* XCTestCase+MemoryLeakTracking.swift in Sources */ = {isa = PBXBuildFile; fileRef = EB5DF407280E98E70018C2F0 /* XCTestCase+MemoryLeakTracking.swift */; };
		EB5DF40A280EB8B10018C2F0 /* URLSessionHTTPClient.swift in Sources */ = {isa = PBXBuildFile; fileRef = EB5DF409280EB8B10018C2F0 /* URLSessionHTTPClient.swift */; };
		EB61691D280801AA009177E6 /* EssentialFeedApp.swift in Sources */ = {isa = PBXBuildFile; fileRef = EB6168F5280801A9009177E6 /* EssentialFeedApp.swift */; };
		EB61691F280801AA009177E6 /* ContentView.swift in Sources */ = {isa = PBXBuildFile; fileRef = EB6168F6280801A9009177E6 /* ContentView.swift */; };
		EB616921280801AA009177E6 /* Assets.xcassets in Resources */ = {isa = PBXBuildFile; fileRef = EB6168F7280801AA009177E6 /* Assets.xcassets */; };
		EB616940280813D2009177E6 /* FeedItem.swift in Sources */ = {isa = PBXBuildFile; fileRef = EB61693F280813D2009177E6 /* FeedItem.swift */; };
		EB61694228081474009177E6 /* FeedLoader.swift in Sources */ = {isa = PBXBuildFile; fileRef = EB61694128081474009177E6 /* FeedLoader.swift */; };
		EB61694428094CF8009177E6 /* LoadFeedFromRemoteUseCaseTests.swift in Sources */ = {isa = PBXBuildFile; fileRef = EB61694328094CF8009177E6 /* LoadFeedFromRemoteUseCaseTests.swift */; };
		EB61694828097A9B009177E6 /* RemoteFeedLoader.swift in Sources */ = {isa = PBXBuildFile; fileRef = EB61694628097A87009177E6 /* RemoteFeedLoader.swift */; };
		EB61694A280AA12F009177E6 /* HTTPClient.swift in Sources */ = {isa = PBXBuildFile; fileRef = EB616949280AA12F009177E6 /* HTTPClient.swift */; };
		EB61694C280AA196009177E6 /* FeedItemMapper.swift in Sources */ = {isa = PBXBuildFile; fileRef = EB61694B280AA196009177E6 /* FeedItemMapper.swift */; };
		EB61694F280DAD29009177E6 /* URLSessionHTTPClientTests.swift in Sources */ = {isa = PBXBuildFile; fileRef = EB61694E280DAD29009177E6 /* URLSessionHTTPClientTests.swift */; };
		EB8BEFB9284E41FA00A16747 /* LocalFeedLoader.swift in Sources */ = {isa = PBXBuildFile; fileRef = EB8BEFB8284E41FA00A16747 /* LocalFeedLoader.swift */; };
/* End PBXBuildFile section */

/* Begin PBXContainerItemProxy section */
		EB5DF413280FC4BD0018C2F0 /* PBXContainerItemProxy */ = {
			isa = PBXContainerItemProxy;
			containerPortal = EB6168F0280801A9009177E6 /* Project object */;
			proxyType = 1;
			remoteGlobalIDString = EB6168FB280801AA009177E6;
			remoteInfo = "EssentialFeed (iOS)";
		};
		EB616939280802FD009177E6 /* PBXContainerItemProxy */ = {
			isa = PBXContainerItemProxy;
			containerPortal = EB6168F0280801A9009177E6 /* Project object */;
			proxyType = 1;
			remoteGlobalIDString = EB6168FB280801AA009177E6;
			remoteInfo = "EssentialFeed (iOS)";
		};
/* End PBXContainerItemProxy section */

/* Begin PBXFileReference section */
		EB1BECD928169BF400087B40 /* CacheFeedUseCaseTests.swift */ = {isa = PBXFileReference; lastKnownFileType = sourcecode.swift; path = CacheFeedUseCaseTests.swift; sourceTree = "<group>"; };
		EB5DF407280E98E70018C2F0 /* XCTestCase+MemoryLeakTracking.swift */ = {isa = PBXFileReference; lastKnownFileType = sourcecode.swift; path = "XCTestCase+MemoryLeakTracking.swift"; sourceTree = "<group>"; };
		EB5DF409280EB8B10018C2F0 /* URLSessionHTTPClient.swift */ = {isa = PBXFileReference; lastKnownFileType = sourcecode.swift; path = URLSessionHTTPClient.swift; sourceTree = "<group>"; };
		EB5DF40F280FC4BD0018C2F0 /* EssentialFeedAPIEndToEndTests.xctest */ = {isa = PBXFileReference; explicitFileType = wrapper.cfbundle; includeInIndex = 0; path = EssentialFeedAPIEndToEndTests.xctest; sourceTree = BUILT_PRODUCTS_DIR; };
		EB5DF411280FC4BD0018C2F0 /* EssentialFeedAPIEndToEndTests.swift */ = {isa = PBXFileReference; lastKnownFileType = sourcecode.swift; path = EssentialFeedAPIEndToEndTests.swift; sourceTree = "<group>"; };
		EB6168F5280801A9009177E6 /* EssentialFeedApp.swift */ = {isa = PBXFileReference; lastKnownFileType = sourcecode.swift; path = EssentialFeedApp.swift; sourceTree = "<group>"; };
		EB6168F6280801A9009177E6 /* ContentView.swift */ = {isa = PBXFileReference; lastKnownFileType = sourcecode.swift; path = ContentView.swift; sourceTree = "<group>"; };
		EB6168F7280801AA009177E6 /* Assets.xcassets */ = {isa = PBXFileReference; lastKnownFileType = folder.assetcatalog; path = Assets.xcassets; sourceTree = "<group>"; };
		EB6168FC280801AA009177E6 /* EssentialFeed.app */ = {isa = PBXFileReference; explicitFileType = wrapper.application; includeInIndex = 0; path = EssentialFeed.app; sourceTree = BUILT_PRODUCTS_DIR; };
		EB616935280802FD009177E6 /* EssentialFeedTests.xctest */ = {isa = PBXFileReference; explicitFileType = wrapper.cfbundle; includeInIndex = 0; path = EssentialFeedTests.xctest; sourceTree = BUILT_PRODUCTS_DIR; };
		EB61693F280813D2009177E6 /* FeedItem.swift */ = {isa = PBXFileReference; lastKnownFileType = sourcecode.swift; path = FeedItem.swift; sourceTree = "<group>"; };
		EB61694128081474009177E6 /* FeedLoader.swift */ = {isa = PBXFileReference; lastKnownFileType = sourcecode.swift; path = FeedLoader.swift; sourceTree = "<group>"; };
		EB61694328094CF8009177E6 /* LoadFeedFromRemoteUseCaseTests.swift */ = {isa = PBXFileReference; lastKnownFileType = sourcecode.swift; path = LoadFeedFromRemoteUseCaseTests.swift; sourceTree = "<group>"; };
		EB61694628097A87009177E6 /* RemoteFeedLoader.swift */ = {isa = PBXFileReference; lastKnownFileType = sourcecode.swift; path = RemoteFeedLoader.swift; sourceTree = "<group>"; };
		EB616949280AA12F009177E6 /* HTTPClient.swift */ = {isa = PBXFileReference; lastKnownFileType = sourcecode.swift; path = HTTPClient.swift; sourceTree = "<group>"; };
		EB61694B280AA196009177E6 /* FeedItemMapper.swift */ = {isa = PBXFileReference; lastKnownFileType = sourcecode.swift; path = FeedItemMapper.swift; sourceTree = "<group>"; };
		EB61694E280DAD29009177E6 /* URLSessionHTTPClientTests.swift */ = {isa = PBXFileReference; lastKnownFileType = sourcecode.swift; path = URLSessionHTTPClientTests.swift; sourceTree = "<group>"; };
		EB8BEFB8284E41FA00A16747 /* LocalFeedLoader.swift */ = {isa = PBXFileReference; lastKnownFileType = sourcecode.swift; path = LocalFeedLoader.swift; sourceTree = "<group>"; };
/* End PBXFileReference section */

/* Begin PBXFrameworksBuildPhase section */
		EB5DF40C280FC4BD0018C2F0 /* Frameworks */ = {
			isa = PBXFrameworksBuildPhase;
			buildActionMask = 2147483647;
			files = (
			);
			runOnlyForDeploymentPostprocessing = 0;
		};
		EB6168F9280801AA009177E6 /* Frameworks */ = {
			isa = PBXFrameworksBuildPhase;
			buildActionMask = 2147483647;
			files = (
			);
			runOnlyForDeploymentPostprocessing = 0;
		};
		EB616932280802FD009177E6 /* Frameworks */ = {
			isa = PBXFrameworksBuildPhase;
			buildActionMask = 2147483647;
			files = (
			);
			runOnlyForDeploymentPostprocessing = 0;
		};
/* End PBXFrameworksBuildPhase section */

/* Begin PBXGroup section */
		EB1BECD828169BE100087B40 /* Feed Cache */ = {
			isa = PBXGroup;
			children = (
				EB1BECD928169BF400087B40 /* CacheFeedUseCaseTests.swift */,
			);
			path = "Feed Cache";
			sourceTree = "<group>";
		};
		EB5DF406280E98AD0018C2F0 /* Helpers */ = {
			isa = PBXGroup;
			children = (
				EB5DF407280E98E70018C2F0 /* XCTestCase+MemoryLeakTracking.swift */,
			);
			path = Helpers;
			sourceTree = "<group>";
		};
		EB5DF410280FC4BD0018C2F0 /* EssentialFeedAPIEndToEndTests */ = {
			isa = PBXGroup;
			children = (
				EB5DF411280FC4BD0018C2F0 /* EssentialFeedAPIEndToEndTests.swift */,
			);
			path = EssentialFeedAPIEndToEndTests;
			sourceTree = "<group>";
		};
		EB6168EF280801A9009177E6 = {
			isa = PBXGroup;
			children = (
				EB6168F4280801A9009177E6 /* Shared */,
				EB61694528097A78009177E6 /* Feed API */,
				EB61693E280813BB009177E6 /* Feed Feature */,
				EB8BEFB7284E41E100A16747 /* Feed Cache */,
				EB616936280802FD009177E6 /* EssentialFeedTests */,
				EB5DF410280FC4BD0018C2F0 /* EssentialFeedAPIEndToEndTests */,
				EB6168FD280801AA009177E6 /* Products */,
			);
			sourceTree = "<group>";
		};
		EB6168F4280801A9009177E6 /* Shared */ = {
			isa = PBXGroup;
			children = (
				EB6168F5280801A9009177E6 /* EssentialFeedApp.swift */,
				EB6168F6280801A9009177E6 /* ContentView.swift */,
				EB6168F7280801AA009177E6 /* Assets.xcassets */,
			);
			path = Shared;
			sourceTree = "<group>";
		};
		EB6168FD280801AA009177E6 /* Products */ = {
			isa = PBXGroup;
			children = (
				EB6168FC280801AA009177E6 /* EssentialFeed.app */,
				EB616935280802FD009177E6 /* EssentialFeedTests.xctest */,
				EB5DF40F280FC4BD0018C2F0 /* EssentialFeedAPIEndToEndTests.xctest */,
			);
			name = Products;
			sourceTree = "<group>";
		};
		EB616936280802FD009177E6 /* EssentialFeedTests */ = {
			isa = PBXGroup;
			children = (
				EB5DF406280E98AD0018C2F0 /* Helpers */,
				EB1BECD828169BE100087B40 /* Feed Cache */,
				EB61694D280AAD60009177E6 /* Feed API */,
			);
			path = EssentialFeedTests;
			sourceTree = "<group>";
		};
		EB61693E280813BB009177E6 /* Feed Feature */ = {
			isa = PBXGroup;
			children = (
				EB61693F280813D2009177E6 /* FeedItem.swift */,
				EB61694128081474009177E6 /* FeedLoader.swift */,
			);
			path = "Feed Feature";
			sourceTree = "<group>";
		};
		EB61694528097A78009177E6 /* Feed API */ = {
			isa = PBXGroup;
			children = (
				EB61694628097A87009177E6 /* RemoteFeedLoader.swift */,
				EB616949280AA12F009177E6 /* HTTPClient.swift */,
				EB61694B280AA196009177E6 /* FeedItemMapper.swift */,
				EB5DF409280EB8B10018C2F0 /* URLSessionHTTPClient.swift */,
			);
			path = "Feed API";
			sourceTree = "<group>";
		};
		EB61694D280AAD60009177E6 /* Feed API */ = {
			isa = PBXGroup;
			children = (
				EB61694328094CF8009177E6 /* LoadFeedFromRemoteUseCaseTests.swift */,
				EB61694E280DAD29009177E6 /* URLSessionHTTPClientTests.swift */,
			);
			path = "Feed API";
			sourceTree = "<group>";
		};
		EB8BEFB7284E41E100A16747 /* Feed Cache */ = {
			isa = PBXGroup;
			children = (
				EB8BEFB8284E41FA00A16747 /* LocalFeedLoader.swift */,
			);
			path = "Feed Cache";
			sourceTree = "<group>";
		};
/* End PBXGroup section */

/* Begin PBXNativeTarget section */
		EB5DF40E280FC4BD0018C2F0 /* EssentialFeedAPIEndToEndTests */ = {
			isa = PBXNativeTarget;
			buildConfigurationList = EB5DF415280FC4BD0018C2F0 /* Build configuration list for PBXNativeTarget "EssentialFeedAPIEndToEndTests" */;
			buildPhases = (
				EB5DF40B280FC4BD0018C2F0 /* Sources */,
				EB5DF40C280FC4BD0018C2F0 /* Frameworks */,
				EB5DF40D280FC4BD0018C2F0 /* Resources */,
			);
			buildRules = (
			);
			dependencies = (
				EB5DF414280FC4BD0018C2F0 /* PBXTargetDependency */,
			);
			name = EssentialFeedAPIEndToEndTests;
			productName = EssentialFeedAPIEndToEndTests;
			productReference = EB5DF40F280FC4BD0018C2F0 /* EssentialFeedAPIEndToEndTests.xctest */;
			productType = "com.apple.product-type.bundle.unit-test";
		};
		EB6168FB280801AA009177E6 /* EssentialFeed (iOS) */ = {
			isa = PBXNativeTarget;
			buildConfigurationList = EB616925280801AA009177E6 /* Build configuration list for PBXNativeTarget "EssentialFeed (iOS)" */;
			buildPhases = (
				EB6168F8280801AA009177E6 /* Sources */,
				EB6168F9280801AA009177E6 /* Frameworks */,
				EB6168FA280801AA009177E6 /* Resources */,
			);
			buildRules = (
			);
			dependencies = (
			);
			name = "EssentialFeed (iOS)";
			productName = "EssentialFeed (iOS)";
			productReference = EB6168FC280801AA009177E6 /* EssentialFeed.app */;
			productType = "com.apple.product-type.application";
		};
		EB616934280802FD009177E6 /* EssentialFeedTests */ = {
			isa = PBXNativeTarget;
			buildConfigurationList = EB61693B280802FD009177E6 /* Build configuration list for PBXNativeTarget "EssentialFeedTests" */;
			buildPhases = (
				EB616931280802FD009177E6 /* Sources */,
				EB616932280802FD009177E6 /* Frameworks */,
				EB616933280802FD009177E6 /* Resources */,
			);
			buildRules = (
			);
			dependencies = (
				EB61693A280802FD009177E6 /* PBXTargetDependency */,
			);
			name = EssentialFeedTests;
			productName = EssentialFeedTests;
			productReference = EB616935280802FD009177E6 /* EssentialFeedTests.xctest */;
			productType = "com.apple.product-type.bundle.unit-test";
		};
/* End PBXNativeTarget section */

/* Begin PBXProject section */
		EB6168F0280801A9009177E6 /* Project object */ = {
			isa = PBXProject;
			attributes = {
				BuildIndependentTargetsInParallel = 1;
				LastSwiftUpdateCheck = 1320;
				LastUpgradeCheck = 1320;
				TargetAttributes = {
					EB5DF40E280FC4BD0018C2F0 = {
						CreatedOnToolsVersion = 13.2;
						TestTargetID = EB6168FB280801AA009177E6;
					};
					EB6168FB280801AA009177E6 = {
						CreatedOnToolsVersion = 13.2;
					};
					EB616934280802FD009177E6 = {
						CreatedOnToolsVersion = 13.2;
						TestTargetID = EB6168FB280801AA009177E6;
					};
				};
			};
			buildConfigurationList = EB6168F3280801A9009177E6 /* Build configuration list for PBXProject "EssentialFeed" */;
			compatibilityVersion = "Xcode 13.0";
			developmentRegion = en;
			hasScannedForEncodings = 0;
			knownRegions = (
				en,
				Base,
			);
			mainGroup = EB6168EF280801A9009177E6;
			productRefGroup = EB6168FD280801AA009177E6 /* Products */;
			projectDirPath = "";
			projectRoot = "";
			targets = (
				EB6168FB280801AA009177E6 /* EssentialFeed (iOS) */,
				EB616934280802FD009177E6 /* EssentialFeedTests */,
				EB5DF40E280FC4BD0018C2F0 /* EssentialFeedAPIEndToEndTests */,
			);
		};
/* End PBXProject section */

/* Begin PBXResourcesBuildPhase section */
		EB5DF40D280FC4BD0018C2F0 /* Resources */ = {
			isa = PBXResourcesBuildPhase;
			buildActionMask = 2147483647;
			files = (
			);
			runOnlyForDeploymentPostprocessing = 0;
		};
		EB6168FA280801AA009177E6 /* Resources */ = {
			isa = PBXResourcesBuildPhase;
			buildActionMask = 2147483647;
			files = (
				EB616921280801AA009177E6 /* Assets.xcassets in Resources */,
			);
			runOnlyForDeploymentPostprocessing = 0;
		};
		EB616933280802FD009177E6 /* Resources */ = {
			isa = PBXResourcesBuildPhase;
			buildActionMask = 2147483647;
			files = (
			);
			runOnlyForDeploymentPostprocessing = 0;
		};
/* End PBXResourcesBuildPhase section */

/* Begin PBXSourcesBuildPhase section */
		EB5DF40B280FC4BD0018C2F0 /* Sources */ = {
			isa = PBXSourcesBuildPhase;
			buildActionMask = 2147483647;
			files = (
				EB31073028107B040008A9B2 /* EssentialFeedAPIEndToEndTests.swift in Sources */,
				EB31072C281070310008A9B2 /* XCTestCase+MemoryLeakTracking.swift in Sources */,
			);
			runOnlyForDeploymentPostprocessing = 0;
		};
		EB6168F8280801AA009177E6 /* Sources */ = {
			isa = PBXSourcesBuildPhase;
			buildActionMask = 2147483647;
			files = (
				EB61691F280801AA009177E6 /* ContentView.swift in Sources */,
				EB61691D280801AA009177E6 /* EssentialFeedApp.swift in Sources */,
				EB61694A280AA12F009177E6 /* HTTPClient.swift in Sources */,
				EB8BEFB9284E41FA00A16747 /* LocalFeedLoader.swift in Sources */,
				EB5DF40A280EB8B10018C2F0 /* URLSessionHTTPClient.swift in Sources */,
				EB61694228081474009177E6 /* FeedLoader.swift in Sources */,
				EB61694828097A9B009177E6 /* RemoteFeedLoader.swift in Sources */,
				EB61694C280AA196009177E6 /* FeedItemMapper.swift in Sources */,
				EB616940280813D2009177E6 /* FeedItem.swift in Sources */,
			);
			runOnlyForDeploymentPostprocessing = 0;
		};
		EB616931280802FD009177E6 /* Sources */ = {
			isa = PBXSourcesBuildPhase;
			buildActionMask = 2147483647;
			files = (
				EB61694428094CF8009177E6 /* LoadFeedFromRemoteUseCaseTests.swift in Sources */,
				EB61694F280DAD29009177E6 /* URLSessionHTTPClientTests.swift in Sources */,
				EB1BECDA28169BF400087B40 /* CacheFeedUseCaseTests.swift in Sources */,
				EB5DF408280E98E70018C2F0 /* XCTestCase+MemoryLeakTracking.swift in Sources */,
			);
			runOnlyForDeploymentPostprocessing = 0;
		};
/* End PBXSourcesBuildPhase section */

/* Begin PBXTargetDependency section */
		EB5DF414280FC4BD0018C2F0 /* PBXTargetDependency */ = {
			isa = PBXTargetDependency;
			target = EB6168FB280801AA009177E6 /* EssentialFeed (iOS) */;
			targetProxy = EB5DF413280FC4BD0018C2F0 /* PBXContainerItemProxy */;
		};
		EB61693A280802FD009177E6 /* PBXTargetDependency */ = {
			isa = PBXTargetDependency;
			target = EB6168FB280801AA009177E6 /* EssentialFeed (iOS) */;
			targetProxy = EB616939280802FD009177E6 /* PBXContainerItemProxy */;
		};
/* End PBXTargetDependency section */

/* Begin XCBuildConfiguration section */
		EB5DF416280FC4BD0018C2F0 /* Debug */ = {
			isa = XCBuildConfiguration;
			buildSettings = {
				BUNDLE_LOADER = "$(TEST_HOST)";
				"CODE_SIGN_IDENTITY[sdk=macosx*]" = "Apple Development";
				CODE_SIGN_STYLE = Automatic;
				CURRENT_PROJECT_VERSION = 1;
				DEVELOPMENT_TEAM = 78Y9MSJT25;
				GENERATE_INFOPLIST_FILE = YES;
				INFOPLIST_FILE = EssentialFeedAPIEndToEndTests/Info.plist;
				INFOPLIST_KEY_LSApplicationCategoryType = "";
				IPHONEOS_DEPLOYMENT_TARGET = 15.2;
				MARKETING_VERSION = 1.0;
				PRODUCT_BUNDLE_IDENTIFIER = TKP.EssentialFeedAPIEndToEndTests;
				PRODUCT_NAME = "$(TARGET_NAME)";
				SDKROOT = iphoneos;
				SWIFT_EMIT_LOC_STRINGS = NO;
				SWIFT_VERSION = 5.0;
				TARGETED_DEVICE_FAMILY = "1,2";
				TEST_HOST = "$(BUILT_PRODUCTS_DIR)/EssentialFeed.app/EssentialFeed";
			};
			name = Debug;
		};
		EB5DF417280FC4BD0018C2F0 /* Release */ = {
			isa = XCBuildConfiguration;
			buildSettings = {
				BUNDLE_LOADER = "$(TEST_HOST)";
				"CODE_SIGN_IDENTITY[sdk=macosx*]" = "Apple Development";
				CODE_SIGN_STYLE = Automatic;
				CURRENT_PROJECT_VERSION = 1;
				DEVELOPMENT_TEAM = 78Y9MSJT25;
				GENERATE_INFOPLIST_FILE = YES;
				INFOPLIST_FILE = EssentialFeedAPIEndToEndTests/Info.plist;
				INFOPLIST_KEY_LSApplicationCategoryType = "";
				IPHONEOS_DEPLOYMENT_TARGET = 15.2;
				MARKETING_VERSION = 1.0;
				PRODUCT_BUNDLE_IDENTIFIER = TKP.EssentialFeedAPIEndToEndTests;
				PRODUCT_NAME = "$(TARGET_NAME)";
				SDKROOT = iphoneos;
				SWIFT_EMIT_LOC_STRINGS = NO;
				SWIFT_VERSION = 5.0;
				TARGETED_DEVICE_FAMILY = "1,2";
				TEST_HOST = "$(BUILT_PRODUCTS_DIR)/EssentialFeed.app/EssentialFeed";
				VALIDATE_PRODUCT = YES;
			};
			name = Release;
		};
		EB616923280801AA009177E6 /* Debug */ = {
			isa = XCBuildConfiguration;
			buildSettings = {
				ALWAYS_SEARCH_USER_PATHS = NO;
				CLANG_ANALYZER_NONNULL = YES;
				CLANG_ANALYZER_NUMBER_OBJECT_CONVERSION = YES_AGGRESSIVE;
				CLANG_CXX_LANGUAGE_STANDARD = "gnu++17";
				CLANG_CXX_LIBRARY = "libc++";
				CLANG_ENABLE_MODULES = YES;
				CLANG_ENABLE_OBJC_ARC = YES;
				CLANG_ENABLE_OBJC_WEAK = YES;
				CLANG_WARN_BLOCK_CAPTURE_AUTORELEASING = YES;
				CLANG_WARN_BOOL_CONVERSION = YES;
				CLANG_WARN_COMMA = YES;
				CLANG_WARN_CONSTANT_CONVERSION = YES;
				CLANG_WARN_DEPRECATED_OBJC_IMPLEMENTATIONS = YES;
				CLANG_WARN_DIRECT_OBJC_ISA_USAGE = YES_ERROR;
				CLANG_WARN_DOCUMENTATION_COMMENTS = YES;
				CLANG_WARN_EMPTY_BODY = YES;
				CLANG_WARN_ENUM_CONVERSION = YES;
				CLANG_WARN_INFINITE_RECURSION = YES;
				CLANG_WARN_INT_CONVERSION = YES;
				CLANG_WARN_NON_LITERAL_NULL_CONVERSION = YES;
				CLANG_WARN_OBJC_IMPLICIT_RETAIN_SELF = YES;
				CLANG_WARN_OBJC_LITERAL_CONVERSION = YES;
				CLANG_WARN_OBJC_ROOT_CLASS = YES_ERROR;
				CLANG_WARN_QUOTED_INCLUDE_IN_FRAMEWORK_HEADER = YES;
				CLANG_WARN_RANGE_LOOP_ANALYSIS = YES;
				CLANG_WARN_STRICT_PROTOTYPES = YES;
				CLANG_WARN_SUSPICIOUS_MOVE = YES;
				CLANG_WARN_UNGUARDED_AVAILABILITY = YES_AGGRESSIVE;
				CLANG_WARN_UNREACHABLE_CODE = YES;
				CLANG_WARN__DUPLICATE_METHOD_MATCH = YES;
				COPY_PHASE_STRIP = NO;
				DEBUG_INFORMATION_FORMAT = dwarf;
				ENABLE_STRICT_OBJC_MSGSEND = YES;
				ENABLE_TESTABILITY = YES;
				GCC_C_LANGUAGE_STANDARD = gnu11;
				GCC_DYNAMIC_NO_PIC = NO;
				GCC_NO_COMMON_BLOCKS = YES;
				GCC_OPTIMIZATION_LEVEL = 0;
				GCC_PREPROCESSOR_DEFINITIONS = (
					"DEBUG=1",
					"$(inherited)",
				);
				GCC_WARN_64_TO_32_BIT_CONVERSION = YES;
				GCC_WARN_ABOUT_RETURN_TYPE = YES_ERROR;
				GCC_WARN_UNDECLARED_SELECTOR = YES;
				GCC_WARN_UNINITIALIZED_AUTOS = YES_AGGRESSIVE;
				GCC_WARN_UNUSED_FUNCTION = YES;
				GCC_WARN_UNUSED_VARIABLE = YES;
				MTL_ENABLE_DEBUG_INFO = INCLUDE_SOURCE;
				MTL_FAST_MATH = YES;
				ONLY_ACTIVE_ARCH = YES;
				SWIFT_ACTIVE_COMPILATION_CONDITIONS = DEBUG;
				SWIFT_OPTIMIZATION_LEVEL = "-Onone";
			};
			name = Debug;
		};
		EB616924280801AA009177E6 /* Release */ = {
			isa = XCBuildConfiguration;
			buildSettings = {
				ALWAYS_SEARCH_USER_PATHS = NO;
				CLANG_ANALYZER_NONNULL = YES;
				CLANG_ANALYZER_NUMBER_OBJECT_CONVERSION = YES_AGGRESSIVE;
				CLANG_CXX_LANGUAGE_STANDARD = "gnu++17";
				CLANG_CXX_LIBRARY = "libc++";
				CLANG_ENABLE_MODULES = YES;
				CLANG_ENABLE_OBJC_ARC = YES;
				CLANG_ENABLE_OBJC_WEAK = YES;
				CLANG_WARN_BLOCK_CAPTURE_AUTORELEASING = YES;
				CLANG_WARN_BOOL_CONVERSION = YES;
				CLANG_WARN_COMMA = YES;
				CLANG_WARN_CONSTANT_CONVERSION = YES;
				CLANG_WARN_DEPRECATED_OBJC_IMPLEMENTATIONS = YES;
				CLANG_WARN_DIRECT_OBJC_ISA_USAGE = YES_ERROR;
				CLANG_WARN_DOCUMENTATION_COMMENTS = YES;
				CLANG_WARN_EMPTY_BODY = YES;
				CLANG_WARN_ENUM_CONVERSION = YES;
				CLANG_WARN_INFINITE_RECURSION = YES;
				CLANG_WARN_INT_CONVERSION = YES;
				CLANG_WARN_NON_LITERAL_NULL_CONVERSION = YES;
				CLANG_WARN_OBJC_IMPLICIT_RETAIN_SELF = YES;
				CLANG_WARN_OBJC_LITERAL_CONVERSION = YES;
				CLANG_WARN_OBJC_ROOT_CLASS = YES_ERROR;
				CLANG_WARN_QUOTED_INCLUDE_IN_FRAMEWORK_HEADER = YES;
				CLANG_WARN_RANGE_LOOP_ANALYSIS = YES;
				CLANG_WARN_STRICT_PROTOTYPES = YES;
				CLANG_WARN_SUSPICIOUS_MOVE = YES;
				CLANG_WARN_UNGUARDED_AVAILABILITY = YES_AGGRESSIVE;
				CLANG_WARN_UNREACHABLE_CODE = YES;
				CLANG_WARN__DUPLICATE_METHOD_MATCH = YES;
				COPY_PHASE_STRIP = NO;
				DEBUG_INFORMATION_FORMAT = "dwarf-with-dsym";
				ENABLE_NS_ASSERTIONS = NO;
				ENABLE_STRICT_OBJC_MSGSEND = YES;
				GCC_C_LANGUAGE_STANDARD = gnu11;
				GCC_NO_COMMON_BLOCKS = YES;
				GCC_WARN_64_TO_32_BIT_CONVERSION = YES;
				GCC_WARN_ABOUT_RETURN_TYPE = YES_ERROR;
				GCC_WARN_UNDECLARED_SELECTOR = YES;
				GCC_WARN_UNINITIALIZED_AUTOS = YES_AGGRESSIVE;
				GCC_WARN_UNUSED_FUNCTION = YES;
				GCC_WARN_UNUSED_VARIABLE = YES;
				MTL_ENABLE_DEBUG_INFO = NO;
				MTL_FAST_MATH = YES;
				SWIFT_COMPILATION_MODE = wholemodule;
				SWIFT_OPTIMIZATION_LEVEL = "-O";
			};
			name = Release;
		};
		EB616926280801AA009177E6 /* Debug */ = {
			isa = XCBuildConfiguration;
			buildSettings = {
				ASSETCATALOG_COMPILER_APPICON_NAME = AppIcon;
				ASSETCATALOG_COMPILER_GLOBAL_ACCENT_COLOR_NAME = AccentColor;
				CODE_SIGN_STYLE = Automatic;
				CURRENT_PROJECT_VERSION = 1;
				DEVELOPMENT_TEAM = 78Y9MSJT25;
				ENABLE_PREVIEWS = YES;
				GENERATE_INFOPLIST_FILE = YES;
				INFOPLIST_KEY_UIApplicationSceneManifest_Generation = YES;
				INFOPLIST_KEY_UIApplicationSupportsIndirectInputEvents = YES;
				INFOPLIST_KEY_UILaunchScreen_Generation = YES;
				INFOPLIST_KEY_UISupportedInterfaceOrientations_iPad = "UIInterfaceOrientationPortrait UIInterfaceOrientationPortraitUpsideDown UIInterfaceOrientationLandscapeLeft UIInterfaceOrientationLandscapeRight";
				INFOPLIST_KEY_UISupportedInterfaceOrientations_iPhone = "UIInterfaceOrientationPortrait UIInterfaceOrientationLandscapeLeft UIInterfaceOrientationLandscapeRight";
				IPHONEOS_DEPLOYMENT_TARGET = 15.2;
				LD_RUNPATH_SEARCH_PATHS = (
					"$(inherited)",
					"@executable_path/Frameworks",
				);
				MARKETING_VERSION = 1.0;
				PRODUCT_BUNDLE_IDENTIFIER = TKP.EssentialFeed;
				PRODUCT_NAME = EssentialFeed;
				SDKROOT = iphoneos;
				SWIFT_EMIT_LOC_STRINGS = YES;
				SWIFT_VERSION = 5.0;
				TARGETED_DEVICE_FAMILY = "1,2";
			};
			name = Debug;
		};
		EB616927280801AA009177E6 /* Release */ = {
			isa = XCBuildConfiguration;
			buildSettings = {
				ASSETCATALOG_COMPILER_APPICON_NAME = AppIcon;
				ASSETCATALOG_COMPILER_GLOBAL_ACCENT_COLOR_NAME = AccentColor;
				CODE_SIGN_STYLE = Automatic;
				CURRENT_PROJECT_VERSION = 1;
				DEVELOPMENT_TEAM = 78Y9MSJT25;
				ENABLE_PREVIEWS = YES;
				GENERATE_INFOPLIST_FILE = YES;
				INFOPLIST_KEY_UIApplicationSceneManifest_Generation = YES;
				INFOPLIST_KEY_UIApplicationSupportsIndirectInputEvents = YES;
				INFOPLIST_KEY_UILaunchScreen_Generation = YES;
				INFOPLIST_KEY_UISupportedInterfaceOrientations_iPad = "UIInterfaceOrientationPortrait UIInterfaceOrientationPortraitUpsideDown UIInterfaceOrientationLandscapeLeft UIInterfaceOrientationLandscapeRight";
				INFOPLIST_KEY_UISupportedInterfaceOrientations_iPhone = "UIInterfaceOrientationPortrait UIInterfaceOrientationLandscapeLeft UIInterfaceOrientationLandscapeRight";
				IPHONEOS_DEPLOYMENT_TARGET = 15.2;
				LD_RUNPATH_SEARCH_PATHS = (
					"$(inherited)",
					"@executable_path/Frameworks",
				);
				MARKETING_VERSION = 1.0;
				PRODUCT_BUNDLE_IDENTIFIER = TKP.EssentialFeed;
				PRODUCT_NAME = EssentialFeed;
				SDKROOT = iphoneos;
				SWIFT_EMIT_LOC_STRINGS = YES;
				SWIFT_VERSION = 5.0;
				TARGETED_DEVICE_FAMILY = "1,2";
				VALIDATE_PRODUCT = YES;
			};
			name = Release;
		};
		EB61693C280802FD009177E6 /* Debug */ = {
			isa = XCBuildConfiguration;
			buildSettings = {
				BUNDLE_LOADER = "$(TEST_HOST)";
				CODE_SIGN_STYLE = Automatic;
				CURRENT_PROJECT_VERSION = 1;
				DEVELOPMENT_TEAM = 78Y9MSJT25;
				GENERATE_INFOPLIST_FILE = YES;
				IPHONEOS_DEPLOYMENT_TARGET = 15.2;
				MARKETING_VERSION = 1.0;
				PRODUCT_BUNDLE_IDENTIFIER = TKP.EssentialFeedTests;
				PRODUCT_NAME = "$(TARGET_NAME)";
				SDKROOT = iphoneos;
				SWIFT_EMIT_LOC_STRINGS = NO;
				SWIFT_VERSION = 5.0;
				TARGETED_DEVICE_FAMILY = "1,2";
				TEST_HOST = "$(BUILT_PRODUCTS_DIR)/EssentialFeed.app/EssentialFeed";
			};
			name = Debug;
		};
		EB61693D280802FD009177E6 /* Release */ = {
			isa = XCBuildConfiguration;
			buildSettings = {
				BUNDLE_LOADER = "$(TEST_HOST)";
				CODE_SIGN_STYLE = Automatic;
				CURRENT_PROJECT_VERSION = 1;
				DEVELOPMENT_TEAM = 78Y9MSJT25;
				GENERATE_INFOPLIST_FILE = YES;
				IPHONEOS_DEPLOYMENT_TARGET = 15.2;
				MARKETING_VERSION = 1.0;
				PRODUCT_BUNDLE_IDENTIFIER = TKP.EssentialFeedTests;
				PRODUCT_NAME = "$(TARGET_NAME)";
				SDKROOT = iphoneos;
				SWIFT_EMIT_LOC_STRINGS = NO;
				SWIFT_VERSION = 5.0;
				TARGETED_DEVICE_FAMILY = "1,2";
				TEST_HOST = "$(BUILT_PRODUCTS_DIR)/EssentialFeed.app/EssentialFeed";
				VALIDATE_PRODUCT = YES;
			};
			name = Release;
		};
/* End XCBuildConfiguration section */

/* Begin XCConfigurationList section */
		EB5DF415280FC4BD0018C2F0 /* Build configuration list for PBXNativeTarget "EssentialFeedAPIEndToEndTests" */ = {
			isa = XCConfigurationList;
			buildConfigurations = (
				EB5DF416280FC4BD0018C2F0 /* Debug */,
				EB5DF417280FC4BD0018C2F0 /* Release */,
			);
			defaultConfigurationIsVisible = 0;
			defaultConfigurationName = Release;
		};
		EB6168F3280801A9009177E6 /* Build configuration list for PBXProject "EssentialFeed" */ = {
			isa = XCConfigurationList;
			buildConfigurations = (
				EB616923280801AA009177E6 /* Debug */,
				EB616924280801AA009177E6 /* Release */,
			);
			defaultConfigurationIsVisible = 0;
			defaultConfigurationName = Release;
		};
		EB616925280801AA009177E6 /* Build configuration list for PBXNativeTarget "EssentialFeed (iOS)" */ = {
			isa = XCConfigurationList;
			buildConfigurations = (
				EB616926280801AA009177E6 /* Debug */,
				EB616927280801AA009177E6 /* Release */,
			);
			defaultConfigurationIsVisible = 0;
			defaultConfigurationName = Release;
		};
		EB61693B280802FD009177E6 /* Build configuration list for PBXNativeTarget "EssentialFeedTests" */ = {
			isa = XCConfigurationList;
			buildConfigurations = (
				EB61693C280802FD009177E6 /* Debug */,
				EB61693D280802FD009177E6 /* Release */,
			);
			defaultConfigurationIsVisible = 0;
			defaultConfigurationName = Release;
		};
/* End XCConfigurationList section */
	};
	rootObject = EB6168F0280801A9009177E6 /* Project object */;
}
